// !$*UTF8*$!
{
	archiveVersion = 1;
	classes = {
	};
	objectVersion = 50;
	objects = {

/* Begin PBXBuildFile section */
		9A7F185E21F8179B00BF99EF /* AppDelegate.swift in Sources */ = {isa = PBXBuildFile; fileRef = 9A7F185D21F8179B00BF99EF /* AppDelegate.swift */; };
		9A7F186021F8179B00BF99EF /* MainTableViewController.swift in Sources */ = {isa = PBXBuildFile; fileRef = 9A7F185F21F8179B00BF99EF /* MainTableViewController.swift */; };
		9A7F186321F8179B00BF99EF /* Main.storyboard in Resources */ = {isa = PBXBuildFile; fileRef = 9A7F186121F8179B00BF99EF /* Main.storyboard */; };
		9A7F186521F8179E00BF99EF /* Assets.xcassets in Resources */ = {isa = PBXBuildFile; fileRef = 9A7F186421F8179E00BF99EF /* Assets.xcassets */; };
		9A7F186821F8179E00BF99EF /* LaunchScreen.storyboard in Resources */ = {isa = PBXBuildFile; fileRef = 9A7F186621F8179E00BF99EF /* LaunchScreen.storyboard */; };
		9A7F187321F8179E00BF99EF /* BeerMeTests.swift in Sources */ = {isa = PBXBuildFile; fileRef = 9A7F187221F8179E00BF99EF /* BeerMeTests.swift */; };
		9A7F187E21F8179E00BF99EF /* BeerMeUITests.swift in Sources */ = {isa = PBXBuildFile; fileRef = 9A7F187D21F8179E00BF99EF /* BeerMeUITests.swift */; };
		9A7F188D21F8193100BF99EF /* BeerTableCell.swift in Sources */ = {isa = PBXBuildFile; fileRef = 9A7F188C21F8193100BF99EF /* BeerTableCell.swift */; };
		9A7F188E21F8193100BF99EF /* BeerTableCell.swift in Sources */ = {isa = PBXBuildFile; fileRef = 9A7F188C21F8193100BF99EF /* BeerTableCell.swift */; };
		9A7F189221F81A4800BF99EF /* SerializableStructs.swift in Sources */ = {isa = PBXBuildFile; fileRef = 9A7F189121F81A4800BF99EF /* SerializableStructs.swift */; };
		9A7F189321F81A4800BF99EF /* SerializableStructs.swift in Sources */ = {isa = PBXBuildFile; fileRef = 9A7F189121F81A4800BF99EF /* SerializableStructs.swift */; };
		9A7F189521F8275C00BF99EF /* JSONDownloader.swift in Sources */ = {isa = PBXBuildFile; fileRef = 9A7F189421F8275C00BF99EF /* JSONDownloader.swift */; };
		9A7F189621F8275C00BF99EF /* JSONDownloader.swift in Sources */ = {isa = PBXBuildFile; fileRef = 9A7F189421F8275C00BF99EF /* JSONDownloader.swift */; };
		9A7F189821F8419500BF99EF /* BeersList.swift in Sources */ = {isa = PBXBuildFile; fileRef = 9A7F189721F8419500BF99EF /* BeersList.swift */; };
		9A7F189921F8419500BF99EF /* BeersList.swift in Sources */ = {isa = PBXBuildFile; fileRef = 9A7F189721F8419500BF99EF /* BeersList.swift */; };
		9A7F189C21F8E59C00BF99EF /* ImageViewExtension.swift in Sources */ = {isa = PBXBuildFile; fileRef = 9A7F189B21F8E59C00BF99EF /* ImageViewExtension.swift */; };
		9A7F189D21F8E59C00BF99EF /* ImageViewExtension.swift in Sources */ = {isa = PBXBuildFile; fileRef = 9A7F189B21F8E59C00BF99EF /* ImageViewExtension.swift */; };
		9A7F189F21F8EB0700BF99EF /* BeerDetailViewController.swift in Sources */ = {isa = PBXBuildFile; fileRef = 9A7F189E21F8EB0700BF99EF /* BeerDetailViewController.swift */; };
		9A7F18A021F8EB0700BF99EF /* BeerDetailViewController.swift in Sources */ = {isa = PBXBuildFile; fileRef = 9A7F189E21F8EB0700BF99EF /* BeerDetailViewController.swift */; };
		9A7F18A321F8ED8500BF99EF /* BeerDetailView.xib in Resources */ = {isa = PBXBuildFile; fileRef = 9A7F18A221F8ED8500BF99EF /* BeerDetailView.xib */; };
		9A7F18A421F8ED8500BF99EF /* BeerDetailView.xib in Resources */ = {isa = PBXBuildFile; fileRef = 9A7F18A221F8ED8500BF99EF /* BeerDetailView.xib */; };
		9A7F18A821FA48E500BF99EF /* InDepthDetailPage.xib in Resources */ = {isa = PBXBuildFile; fileRef = 9A7F18A721FA48E500BF99EF /* InDepthDetailPage.xib */; };
		9A7F18A921FA48E500BF99EF /* InDepthDetailPage.xib in Resources */ = {isa = PBXBuildFile; fileRef = 9A7F18A721FA48E500BF99EF /* InDepthDetailPage.xib */; };
		9A7F18AE21FA4C7400BF99EF /* InDepthDetailPageViewController.swift in Sources */ = {isa = PBXBuildFile; fileRef = 9A7F18AD21FA4C7400BF99EF /* InDepthDetailPageViewController.swift */; };
		9A7F18AF21FA4C7400BF99EF /* InDepthDetailPageViewController.swift in Sources */ = {isa = PBXBuildFile; fileRef = 9A7F18AD21FA4C7400BF99EF /* InDepthDetailPageViewController.swift */; };
		9A7F18B121FA4DE300BF99EF /* IngredientsTableCell.swift in Sources */ = {isa = PBXBuildFile; fileRef = 9A7F18B021FA4DE300BF99EF /* IngredientsTableCell.swift */; };
		9A7F18B221FA4DE300BF99EF /* IngredientsTableCell.swift in Sources */ = {isa = PBXBuildFile; fileRef = 9A7F18B021FA4DE300BF99EF /* IngredientsTableCell.swift */; };
		9A7F18B421FA4E4000BF99EF /* IngredientsTableViewCell.xib in Resources */ = {isa = PBXBuildFile; fileRef = 9A7F18B321FA4E4000BF99EF /* IngredientsTableViewCell.xib */; };
		9A7F18B521FA4E4000BF99EF /* IngredientsTableViewCell.xib in Resources */ = {isa = PBXBuildFile; fileRef = 9A7F18B321FA4E4000BF99EF /* IngredientsTableViewCell.xib */; };
		9A7F18B721FAD2A400BF99EF /* UnitAbbreviations.swift in Sources */ = {isa = PBXBuildFile; fileRef = 9A7F18B621FAD2A400BF99EF /* UnitAbbreviations.swift */; };
		9A7F18B821FAD2A400BF99EF /* UnitAbbreviations.swift in Sources */ = {isa = PBXBuildFile; fileRef = 9A7F18B621FAD2A400BF99EF /* UnitAbbreviations.swift */; };
		9A7F18BA21FAE93000BF99EF /* beericon.png in Resources */ = {isa = PBXBuildFile; fileRef = 9A7F18B921FAE92F00BF99EF /* beericon.png */; };
		9A7F18BB21FAE93000BF99EF /* beericon.png in Resources */ = {isa = PBXBuildFile; fileRef = 9A7F18B921FAE92F00BF99EF /* beericon.png */; };
/* End PBXBuildFile section */

/* Begin PBXContainerItemProxy section */
		9A7F186F21F8179E00BF99EF /* PBXContainerItemProxy */ = {
			isa = PBXContainerItemProxy;
			containerPortal = 9A7F185221F8179B00BF99EF /* Project object */;
			proxyType = 1;
			remoteGlobalIDString = 9A7F185921F8179B00BF99EF;
			remoteInfo = BeerMe;
		};
		9A7F187A21F8179E00BF99EF /* PBXContainerItemProxy */ = {
			isa = PBXContainerItemProxy;
			containerPortal = 9A7F185221F8179B00BF99EF /* Project object */;
			proxyType = 1;
			remoteGlobalIDString = 9A7F185921F8179B00BF99EF;
			remoteInfo = BeerMe;
		};
/* End PBXContainerItemProxy section */

/* Begin PBXFileReference section */
		9A7F185A21F8179B00BF99EF /* BeerMe.app */ = {isa = PBXFileReference; explicitFileType = wrapper.application; includeInIndex = 0; path = BeerMe.app; sourceTree = BUILT_PRODUCTS_DIR; };
		9A7F185D21F8179B00BF99EF /* AppDelegate.swift */ = {isa = PBXFileReference; lastKnownFileType = sourcecode.swift; path = AppDelegate.swift; sourceTree = "<group>"; };
		9A7F185F21F8179B00BF99EF /* MainTableViewController.swift */ = {isa = PBXFileReference; lastKnownFileType = sourcecode.swift; path = MainTableViewController.swift; sourceTree = "<group>"; };
		9A7F186221F8179B00BF99EF /* Base */ = {isa = PBXFileReference; lastKnownFileType = file.storyboard; name = Base; path = Base.lproj/Main.storyboard; sourceTree = "<group>"; };
		9A7F186421F8179E00BF99EF /* Assets.xcassets */ = {isa = PBXFileReference; lastKnownFileType = folder.assetcatalog; path = Assets.xcassets; sourceTree = "<group>"; };
		9A7F186721F8179E00BF99EF /* Base */ = {isa = PBXFileReference; lastKnownFileType = file.storyboard; name = Base; path = Base.lproj/LaunchScreen.storyboard; sourceTree = "<group>"; };
		9A7F186921F8179E00BF99EF /* Info.plist */ = {isa = PBXFileReference; lastKnownFileType = text.plist.xml; path = Info.plist; sourceTree = "<group>"; };
		9A7F186E21F8179E00BF99EF /* BeerMeTests.xctest */ = {isa = PBXFileReference; explicitFileType = wrapper.cfbundle; includeInIndex = 0; path = BeerMeTests.xctest; sourceTree = BUILT_PRODUCTS_DIR; };
		9A7F187221F8179E00BF99EF /* BeerMeTests.swift */ = {isa = PBXFileReference; lastKnownFileType = sourcecode.swift; path = BeerMeTests.swift; sourceTree = "<group>"; };
		9A7F187421F8179E00BF99EF /* Info.plist */ = {isa = PBXFileReference; lastKnownFileType = text.plist.xml; path = Info.plist; sourceTree = "<group>"; };
		9A7F187921F8179E00BF99EF /* BeerMeUITests.xctest */ = {isa = PBXFileReference; explicitFileType = wrapper.cfbundle; includeInIndex = 0; path = BeerMeUITests.xctest; sourceTree = BUILT_PRODUCTS_DIR; };
		9A7F187D21F8179E00BF99EF /* BeerMeUITests.swift */ = {isa = PBXFileReference; lastKnownFileType = sourcecode.swift; path = BeerMeUITests.swift; sourceTree = "<group>"; };
		9A7F187F21F8179E00BF99EF /* Info.plist */ = {isa = PBXFileReference; lastKnownFileType = text.plist.xml; path = Info.plist; sourceTree = "<group>"; };
		9A7F188C21F8193100BF99EF /* BeerTableCell.swift */ = {isa = PBXFileReference; lastKnownFileType = sourcecode.swift; path = BeerTableCell.swift; sourceTree = "<group>"; };
		9A7F189121F81A4800BF99EF /* SerializableStructs.swift */ = {isa = PBXFileReference; lastKnownFileType = sourcecode.swift; path = SerializableStructs.swift; sourceTree = "<group>"; };
		9A7F189421F8275C00BF99EF /* JSONDownloader.swift */ = {isa = PBXFileReference; lastKnownFileType = sourcecode.swift; path = JSONDownloader.swift; sourceTree = "<group>"; };
		9A7F189721F8419500BF99EF /* BeersList.swift */ = {isa = PBXFileReference; lastKnownFileType = sourcecode.swift; path = BeersList.swift; sourceTree = "<group>"; };
		9A7F189B21F8E59C00BF99EF /* ImageViewExtension.swift */ = {isa = PBXFileReference; lastKnownFileType = sourcecode.swift; path = ImageViewExtension.swift; sourceTree = "<group>"; };
		9A7F189E21F8EB0700BF99EF /* BeerDetailViewController.swift */ = {isa = PBXFileReference; lastKnownFileType = sourcecode.swift; path = BeerDetailViewController.swift; sourceTree = "<group>"; };
		9A7F18A221F8ED8500BF99EF /* BeerDetailView.xib */ = {isa = PBXFileReference; lastKnownFileType = file.xib; path = BeerDetailView.xib; sourceTree = "<group>"; };
		9A7F18A721FA48E500BF99EF /* InDepthDetailPage.xib */ = {isa = PBXFileReference; lastKnownFileType = file.xib; path = InDepthDetailPage.xib; sourceTree = "<group>"; };
		9A7F18AD21FA4C7400BF99EF /* InDepthDetailPageViewController.swift */ = {isa = PBXFileReference; lastKnownFileType = sourcecode.swift; path = InDepthDetailPageViewController.swift; sourceTree = "<group>"; };
		9A7F18B021FA4DE300BF99EF /* IngredientsTableCell.swift */ = {isa = PBXFileReference; lastKnownFileType = sourcecode.swift; path = IngredientsTableCell.swift; sourceTree = "<group>"; };
		9A7F18B321FA4E4000BF99EF /* IngredientsTableViewCell.xib */ = {isa = PBXFileReference; lastKnownFileType = file.xib; path = IngredientsTableViewCell.xib; sourceTree = "<group>"; };
		9A7F18B621FAD2A400BF99EF /* UnitAbbreviations.swift */ = {isa = PBXFileReference; lastKnownFileType = sourcecode.swift; path = UnitAbbreviations.swift; sourceTree = "<group>"; };
		9A7F18B921FAE92F00BF99EF /* beericon.png */ = {isa = PBXFileReference; lastKnownFileType = image.png; path = beericon.png; sourceTree = "<group>"; };
/* End PBXFileReference section */

/* Begin PBXFrameworksBuildPhase section */
		9A7F185721F8179B00BF99EF /* Frameworks */ = {
			isa = PBXFrameworksBuildPhase;
			buildActionMask = 2147483647;
			files = (
			);
			runOnlyForDeploymentPostprocessing = 0;
		};
		9A7F186B21F8179E00BF99EF /* Frameworks */ = {
			isa = PBXFrameworksBuildPhase;
			buildActionMask = 2147483647;
			files = (
			);
			runOnlyForDeploymentPostprocessing = 0;
		};
		9A7F187621F8179E00BF99EF /* Frameworks */ = {
			isa = PBXFrameworksBuildPhase;
			buildActionMask = 2147483647;
			files = (
			);
			runOnlyForDeploymentPostprocessing = 0;
		};
/* End PBXFrameworksBuildPhase section */

/* Begin PBXGroup section */
		9A7F185121F8179B00BF99EF = {
			isa = PBXGroup;
			children = (
				9A7F185C21F8179B00BF99EF /* BeerMe */,
				9A7F187121F8179E00BF99EF /* BeerMeTests */,
				9A7F187C21F8179E00BF99EF /* BeerMeUITests */,
				9A7F185B21F8179B00BF99EF /* Products */,
			);
			sourceTree = "<group>";
		};
		9A7F185B21F8179B00BF99EF /* Products */ = {
			isa = PBXGroup;
			children = (
				9A7F185A21F8179B00BF99EF /* BeerMe.app */,
				9A7F186E21F8179E00BF99EF /* BeerMeTests.xctest */,
				9A7F187921F8179E00BF99EF /* BeerMeUITests.xctest */,
			);
			name = Products;
			sourceTree = "<group>";
		};
		9A7F185C21F8179B00BF99EF /* BeerMe */ = {
			isa = PBXGroup;
			children = (
				9A7F18B921FAE92F00BF99EF /* beericon.png */,
				9A7F18A621F9338600BF99EF /* Models */,
				9A7F18A521F9337C00BF99EF /* Views */,
				9A7F189A21F8E58C00BF99EF /* Utility */,
				9A7F188B21F818EF00BF99EF /* Controllers */,
				9A7F185D21F8179B00BF99EF /* AppDelegate.swift */,
				9A7F186421F8179E00BF99EF /* Assets.xcassets */,
				9A7F186921F8179E00BF99EF /* Info.plist */,
			);
			path = BeerMe;
			sourceTree = "<group>";
		};
		9A7F187121F8179E00BF99EF /* BeerMeTests */ = {
			isa = PBXGroup;
			children = (
				9A7F187221F8179E00BF99EF /* BeerMeTests.swift */,
				9A7F187421F8179E00BF99EF /* Info.plist */,
			);
			path = BeerMeTests;
			sourceTree = "<group>";
		};
		9A7F187C21F8179E00BF99EF /* BeerMeUITests */ = {
			isa = PBXGroup;
			children = (
				9A7F187D21F8179E00BF99EF /* BeerMeUITests.swift */,
				9A7F187F21F8179E00BF99EF /* Info.plist */,
			);
			path = BeerMeUITests;
			sourceTree = "<group>";
		};
		9A7F188B21F818EF00BF99EF /* Controllers */ = {
			isa = PBXGroup;
			children = (
				9A7F185F21F8179B00BF99EF /* MainTableViewController.swift */,
				9A7F189E21F8EB0700BF99EF /* BeerDetailViewController.swift */,
				9A7F18AD21FA4C7400BF99EF /* InDepthDetailPageViewController.swift */,
			);
			path = Controllers;
			sourceTree = "<group>";
		};
		9A7F189A21F8E58C00BF99EF /* Utility */ = {
			isa = PBXGroup;
			children = (
				9A7F189421F8275C00BF99EF /* JSONDownloader.swift */,
				9A7F189B21F8E59C00BF99EF /* ImageViewExtension.swift */,
				9A7F18B621FAD2A400BF99EF /* UnitAbbreviations.swift */,
			);
			path = Utility;
			sourceTree = "<group>";
		};
		9A7F18A521F9337C00BF99EF /* Views */ = {
			isa = PBXGroup;
			children = (
				9A7F186121F8179B00BF99EF /* Main.storyboard */,
				9A7F186621F8179E00BF99EF /* LaunchScreen.storyboard */,
				9A7F18A221F8ED8500BF99EF /* BeerDetailView.xib */,
				9A7F18A721FA48E500BF99EF /* InDepthDetailPage.xib */,
				9A7F18B321FA4E4000BF99EF /* IngredientsTableViewCell.xib */,
			);
			path = Views;
			sourceTree = "<group>";
		};
		9A7F18A621F9338600BF99EF /* Models */ = {
			isa = PBXGroup;
			children = (
				9A7F189121F81A4800BF99EF /* SerializableStructs.swift */,
				9A7F188C21F8193100BF99EF /* BeerTableCell.swift */,
				9A7F189721F8419500BF99EF /* BeersList.swift */,
				9A7F18B021FA4DE300BF99EF /* IngredientsTableCell.swift */,
			);
			path = Models;
			sourceTree = "<group>";
		};
/* End PBXGroup section */

/* Begin PBXNativeTarget section */
		9A7F185921F8179B00BF99EF /* BeerMe */ = {
			isa = PBXNativeTarget;
			buildConfigurationList = 9A7F188221F8179E00BF99EF /* Build configuration list for PBXNativeTarget "BeerMe" */;
			buildPhases = (
				9A7F185621F8179B00BF99EF /* Sources */,
				9A7F185721F8179B00BF99EF /* Frameworks */,
				9A7F185821F8179B00BF99EF /* Resources */,
			);
			buildRules = (
			);
			dependencies = (
			);
			name = BeerMe;
			productName = BeerMe;
			productReference = 9A7F185A21F8179B00BF99EF /* BeerMe.app */;
			productType = "com.apple.product-type.application";
		};
		9A7F186D21F8179E00BF99EF /* BeerMeTests */ = {
			isa = PBXNativeTarget;
			buildConfigurationList = 9A7F188521F8179E00BF99EF /* Build configuration list for PBXNativeTarget "BeerMeTests" */;
			buildPhases = (
				9A7F186A21F8179E00BF99EF /* Sources */,
				9A7F186B21F8179E00BF99EF /* Frameworks */,
				9A7F186C21F8179E00BF99EF /* Resources */,
			);
			buildRules = (
			);
			dependencies = (
				9A7F187021F8179E00BF99EF /* PBXTargetDependency */,
			);
			name = BeerMeTests;
			productName = BeerMeTests;
			productReference = 9A7F186E21F8179E00BF99EF /* BeerMeTests.xctest */;
			productType = "com.apple.product-type.bundle.unit-test";
		};
		9A7F187821F8179E00BF99EF /* BeerMeUITests */ = {
			isa = PBXNativeTarget;
			buildConfigurationList = 9A7F188821F8179E00BF99EF /* Build configuration list for PBXNativeTarget "BeerMeUITests" */;
			buildPhases = (
				9A7F187521F8179E00BF99EF /* Sources */,
				9A7F187621F8179E00BF99EF /* Frameworks */,
				9A7F187721F8179E00BF99EF /* Resources */,
			);
			buildRules = (
			);
			dependencies = (
				9A7F187B21F8179E00BF99EF /* PBXTargetDependency */,
			);
			name = BeerMeUITests;
			productName = BeerMeUITests;
			productReference = 9A7F187921F8179E00BF99EF /* BeerMeUITests.xctest */;
			productType = "com.apple.product-type.bundle.ui-testing";
		};
/* End PBXNativeTarget section */

/* Begin PBXProject section */
		9A7F185221F8179B00BF99EF /* Project object */ = {
			isa = PBXProject;
			attributes = {
				LastSwiftUpdateCheck = 1010;
				LastUpgradeCheck = 1010;
				ORGANIZATIONNAME = LopezWorks;
				TargetAttributes = {
					9A7F185921F8179B00BF99EF = {
						CreatedOnToolsVersion = 10.1;
					};
					9A7F186D21F8179E00BF99EF = {
						CreatedOnToolsVersion = 10.1;
						TestTargetID = 9A7F185921F8179B00BF99EF;
					};
					9A7F187821F8179E00BF99EF = {
						CreatedOnToolsVersion = 10.1;
						TestTargetID = 9A7F185921F8179B00BF99EF;
					};
				};
			};
			buildConfigurationList = 9A7F185521F8179B00BF99EF /* Build configuration list for PBXProject "BeerMe" */;
			compatibilityVersion = "Xcode 9.3";
			developmentRegion = en;
			hasScannedForEncodings = 0;
			knownRegions = (
				en,
				Base,
			);
			mainGroup = 9A7F185121F8179B00BF99EF;
			productRefGroup = 9A7F185B21F8179B00BF99EF /* Products */;
			projectDirPath = "";
			projectRoot = "";
			targets = (
				9A7F185921F8179B00BF99EF /* BeerMe */,
				9A7F186D21F8179E00BF99EF /* BeerMeTests */,
				9A7F187821F8179E00BF99EF /* BeerMeUITests */,
			);
		};
/* End PBXProject section */

/* Begin PBXResourcesBuildPhase section */
		9A7F185821F8179B00BF99EF /* Resources */ = {
			isa = PBXResourcesBuildPhase;
			buildActionMask = 2147483647;
			files = (
				9A7F18BA21FAE93000BF99EF /* beericon.png in Resources */,
				9A7F18A821FA48E500BF99EF /* InDepthDetailPage.xib in Resources */,
				9A7F186821F8179E00BF99EF /* LaunchScreen.storyboard in Resources */,
				9A7F18B421FA4E4000BF99EF /* IngredientsTableViewCell.xib in Resources */,
				9A7F186521F8179E00BF99EF /* Assets.xcassets in Resources */,
				9A7F186321F8179B00BF99EF /* Main.storyboard in Resources */,
				9A7F18A321F8ED8500BF99EF /* BeerDetailView.xib in Resources */,
			);
			runOnlyForDeploymentPostprocessing = 0;
		};
		9A7F186C21F8179E00BF99EF /* Resources */ = {
			isa = PBXResourcesBuildPhase;
			buildActionMask = 2147483647;
			files = (
				9A7F18A921FA48E500BF99EF /* InDepthDetailPage.xib in Resources */,
				9A7F18A421F8ED8500BF99EF /* BeerDetailView.xib in Resources */,
				9A7F18BB21FAE93000BF99EF /* beericon.png in Resources */,
				9A7F18B521FA4E4000BF99EF /* IngredientsTableViewCell.xib in Resources */,
			);
			runOnlyForDeploymentPostprocessing = 0;
		};
		9A7F187721F8179E00BF99EF /* Resources */ = {
			isa = PBXResourcesBuildPhase;
			buildActionMask = 2147483647;
			files = (
			);
			runOnlyForDeploymentPostprocessing = 0;
		};
/* End PBXResourcesBuildPhase section */

/* Begin PBXSourcesBuildPhase section */
		9A7F185621F8179B00BF99EF /* Sources */ = {
			isa = PBXSourcesBuildPhase;
			buildActionMask = 2147483647;
			files = (
				9A7F186021F8179B00BF99EF /* MainTableViewController.swift in Sources */,
				9A7F189F21F8EB0700BF99EF /* BeerDetailViewController.swift in Sources */,
				9A7F189C21F8E59C00BF99EF /* ImageViewExtension.swift in Sources */,
				9A7F18B121FA4DE300BF99EF /* IngredientsTableCell.swift in Sources */,
				9A7F18B721FAD2A400BF99EF /* UnitAbbreviations.swift in Sources */,
				9A7F185E21F8179B00BF99EF /* AppDelegate.swift in Sources */,
				9A7F18AE21FA4C7400BF99EF /* InDepthDetailPageViewController.swift in Sources */,
				9A7F189521F8275C00BF99EF /* JSONDownloader.swift in Sources */,
				9A7F189821F8419500BF99EF /* BeersList.swift in Sources */,
				9A7F188D21F8193100BF99EF /* BeerTableCell.swift in Sources */,
				9A7F189221F81A4800BF99EF /* SerializableStructs.swift in Sources */,
			);
			runOnlyForDeploymentPostprocessing = 0;
		};
		9A7F186A21F8179E00BF99EF /* Sources */ = {
			isa = PBXSourcesBuildPhase;
			buildActionMask = 2147483647;
			files = (
				9A7F18A021F8EB0700BF99EF /* BeerDetailViewController.swift in Sources */,
				9A7F189621F8275C00BF99EF /* JSONDownloader.swift in Sources */,
				9A7F188E21F8193100BF99EF /* BeerTableCell.swift in Sources */,
				9A7F18AF21FA4C7400BF99EF /* InDepthDetailPageViewController.swift in Sources */,
				9A7F189321F81A4800BF99EF /* SerializableStructs.swift in Sources */,
				9A7F18B821FAD2A400BF99EF /* UnitAbbreviations.swift in Sources */,
				9A7F187321F8179E00BF99EF /* BeerMeTests.swift in Sources */,
				9A7F18B221FA4DE300BF99EF /* IngredientsTableCell.swift in Sources */,
				9A7F189D21F8E59C00BF99EF /* ImageViewExtension.swift in Sources */,
				9A7F189921F8419500BF99EF /* BeersList.swift in Sources */,
			);
			runOnlyForDeploymentPostprocessing = 0;
		};
		9A7F187521F8179E00BF99EF /* Sources */ = {
			isa = PBXSourcesBuildPhase;
			buildActionMask = 2147483647;
			files = (
				9A7F187E21F8179E00BF99EF /* BeerMeUITests.swift in Sources */,
			);
			runOnlyForDeploymentPostprocessing = 0;
		};
/* End PBXSourcesBuildPhase section */

/* Begin PBXTargetDependency section */
		9A7F187021F8179E00BF99EF /* PBXTargetDependency */ = {
			isa = PBXTargetDependency;
			target = 9A7F185921F8179B00BF99EF /* BeerMe */;
			targetProxy = 9A7F186F21F8179E00BF99EF /* PBXContainerItemProxy */;
		};
		9A7F187B21F8179E00BF99EF /* PBXTargetDependency */ = {
			isa = PBXTargetDependency;
			target = 9A7F185921F8179B00BF99EF /* BeerMe */;
			targetProxy = 9A7F187A21F8179E00BF99EF /* PBXContainerItemProxy */;
		};
/* End PBXTargetDependency section */

/* Begin PBXVariantGroup section */
		9A7F186121F8179B00BF99EF /* Main.storyboard */ = {
			isa = PBXVariantGroup;
			children = (
				9A7F186221F8179B00BF99EF /* Base */,
			);
			name = Main.storyboard;
			sourceTree = "<group>";
		};
		9A7F186621F8179E00BF99EF /* LaunchScreen.storyboard */ = {
			isa = PBXVariantGroup;
			children = (
				9A7F186721F8179E00BF99EF /* Base */,
			);
			name = LaunchScreen.storyboard;
			sourceTree = "<group>";
		};
/* End PBXVariantGroup section */

/* Begin XCBuildConfiguration section */
		9A7F188021F8179E00BF99EF /* Debug */ = {
			isa = XCBuildConfiguration;
			buildSettings = {
				ALWAYS_SEARCH_USER_PATHS = NO;
				CLANG_ANALYZER_NONNULL = YES;
				CLANG_ANALYZER_NUMBER_OBJECT_CONVERSION = YES_AGGRESSIVE;
				CLANG_CXX_LANGUAGE_STANDARD = "gnu++14";
				CLANG_CXX_LIBRARY = "libc++";
				CLANG_ENABLE_MODULES = YES;
				CLANG_ENABLE_OBJC_ARC = YES;
				CLANG_ENABLE_OBJC_WEAK = YES;
				CLANG_WARN_BLOCK_CAPTURE_AUTORELEASING = YES;
				CLANG_WARN_BOOL_CONVERSION = YES;
				CLANG_WARN_COMMA = YES;
				CLANG_WARN_CONSTANT_CONVERSION = YES;
				CLANG_WARN_DEPRECATED_OBJC_IMPLEMENTATIONS = YES;
				CLANG_WARN_DIRECT_OBJC_ISA_USAGE = YES_ERROR;
				CLANG_WARN_DOCUMENTATION_COMMENTS = YES;
				CLANG_WARN_EMPTY_BODY = YES;
				CLANG_WARN_ENUM_CONVERSION = YES;
				CLANG_WARN_INFINITE_RECURSION = YES;
				CLANG_WARN_INT_CONVERSION = YES;
				CLANG_WARN_NON_LITERAL_NULL_CONVERSION = YES;
				CLANG_WARN_OBJC_IMPLICIT_RETAIN_SELF = YES;
				CLANG_WARN_OBJC_LITERAL_CONVERSION = YES;
				CLANG_WARN_OBJC_ROOT_CLASS = YES_ERROR;
				CLANG_WARN_RANGE_LOOP_ANALYSIS = YES;
				CLANG_WARN_STRICT_PROTOTYPES = YES;
				CLANG_WARN_SUSPICIOUS_MOVE = YES;
				CLANG_WARN_UNGUARDED_AVAILABILITY = YES_AGGRESSIVE;
				CLANG_WARN_UNREACHABLE_CODE = YES;
				CLANG_WARN__DUPLICATE_METHOD_MATCH = YES;
				CODE_SIGN_IDENTITY = "iPhone Developer";
				COPY_PHASE_STRIP = NO;
				DEBUG_INFORMATION_FORMAT = dwarf;
				ENABLE_STRICT_OBJC_MSGSEND = YES;
				ENABLE_TESTABILITY = YES;
				GCC_C_LANGUAGE_STANDARD = gnu11;
				GCC_DYNAMIC_NO_PIC = NO;
				GCC_NO_COMMON_BLOCKS = YES;
				GCC_OPTIMIZATION_LEVEL = 0;
				GCC_PREPROCESSOR_DEFINITIONS = (
					"DEBUG=1",
					"$(inherited)",
				);
				GCC_WARN_64_TO_32_BIT_CONVERSION = YES;
				GCC_WARN_ABOUT_RETURN_TYPE = YES_ERROR;
				GCC_WARN_UNDECLARED_SELECTOR = YES;
				GCC_WARN_UNINITIALIZED_AUTOS = YES_AGGRESSIVE;
				GCC_WARN_UNUSED_FUNCTION = YES;
				GCC_WARN_UNUSED_VARIABLE = YES;
				IPHONEOS_DEPLOYMENT_TARGET = 12.1;
				MTL_ENABLE_DEBUG_INFO = INCLUDE_SOURCE;
				MTL_FAST_MATH = YES;
				ONLY_ACTIVE_ARCH = YES;
				SDKROOT = iphoneos;
				SWIFT_ACTIVE_COMPILATION_CONDITIONS = DEBUG;
				SWIFT_OPTIMIZATION_LEVEL = "-Onone";
			};
			name = Debug;
		};
		9A7F188121F8179E00BF99EF /* Release */ = {
			isa = XCBuildConfiguration;
			buildSettings = {
				ALWAYS_SEARCH_USER_PATHS = NO;
				CLANG_ANALYZER_NONNULL = YES;
				CLANG_ANALYZER_NUMBER_OBJECT_CONVERSION = YES_AGGRESSIVE;
				CLANG_CXX_LANGUAGE_STANDARD = "gnu++14";
				CLANG_CXX_LIBRARY = "libc++";
				CLANG_ENABLE_MODULES = YES;
				CLANG_ENABLE_OBJC_ARC = YES;
				CLANG_ENABLE_OBJC_WEAK = YES;
				CLANG_WARN_BLOCK_CAPTURE_AUTORELEASING = YES;
				CLANG_WARN_BOOL_CONVERSION = YES;
				CLANG_WARN_COMMA = YES;
				CLANG_WARN_CONSTANT_CONVERSION = YES;
				CLANG_WARN_DEPRECATED_OBJC_IMPLEMENTATIONS = YES;
				CLANG_WARN_DIRECT_OBJC_ISA_USAGE = YES_ERROR;
				CLANG_WARN_DOCUMENTATION_COMMENTS = YES;
				CLANG_WARN_EMPTY_BODY = YES;
				CLANG_WARN_ENUM_CONVERSION = YES;
				CLANG_WARN_INFINITE_RECURSION = YES;
				CLANG_WARN_INT_CONVERSION = YES;
				CLANG_WARN_NON_LITERAL_NULL_CONVERSION = YES;
				CLANG_WARN_OBJC_IMPLICIT_RETAIN_SELF = YES;
				CLANG_WARN_OBJC_LITERAL_CONVERSION = YES;
				CLANG_WARN_OBJC_ROOT_CLASS = YES_ERROR;
				CLANG_WARN_RANGE_LOOP_ANALYSIS = YES;
				CLANG_WARN_STRICT_PROTOTYPES = YES;
				CLANG_WARN_SUSPICIOUS_MOVE = YES;
				CLANG_WARN_UNGUARDED_AVAILABILITY = YES_AGGRESSIVE;
				CLANG_WARN_UNREACHABLE_CODE = YES;
				CLANG_WARN__DUPLICATE_METHOD_MATCH = YES;
				CODE_SIGN_IDENTITY = "iPhone Developer";
				COPY_PHASE_STRIP = NO;
				DEBUG_INFORMATION_FORMAT = "dwarf-with-dsym";
				ENABLE_NS_ASSERTIONS = NO;
				ENABLE_STRICT_OBJC_MSGSEND = YES;
				GCC_C_LANGUAGE_STANDARD = gnu11;
				GCC_NO_COMMON_BLOCKS = YES;
				GCC_WARN_64_TO_32_BIT_CONVERSION = YES;
				GCC_WARN_ABOUT_RETURN_TYPE = YES_ERROR;
				GCC_WARN_UNDECLARED_SELECTOR = YES;
				GCC_WARN_UNINITIALIZED_AUTOS = YES_AGGRESSIVE;
				GCC_WARN_UNUSED_FUNCTION = YES;
				GCC_WARN_UNUSED_VARIABLE = YES;
				IPHONEOS_DEPLOYMENT_TARGET = 12.1;
				MTL_ENABLE_DEBUG_INFO = NO;
				MTL_FAST_MATH = YES;
				SDKROOT = iphoneos;
				SWIFT_COMPILATION_MODE = wholemodule;
				SWIFT_OPTIMIZATION_LEVEL = "-O";
				VALIDATE_PRODUCT = YES;
			};
			name = Release;
		};
		9A7F188321F8179E00BF99EF /* Debug */ = {
			isa = XCBuildConfiguration;
			buildSettings = {
				ASSETCATALOG_COMPILER_APPICON_NAME = AppIcon;
				CODE_SIGN_STYLE = Automatic;
				DEVELOPMENT_TEAM = 5EB9FSQ4WT;
				INFOPLIST_FILE = BeerMe/Info.plist;
				LD_RUNPATH_SEARCH_PATHS = (
					"$(inherited)",
					"@executable_path/Frameworks",
				);
				PRODUCT_BUNDLE_IDENTIFIER = com.lopezworks.BeerMe;
				PRODUCT_NAME = "$(TARGET_NAME)";
				SWIFT_VERSION = 4.2;
				TARGETED_DEVICE_FAMILY = "1,2";
			};
			name = Debug;
		};
		9A7F188421F8179E00BF99EF /* Release */ = {
			isa = XCBuildConfiguration;
			buildSettings = {
				ASSETCATALOG_COMPILER_APPICON_NAME = AppIcon;
				CODE_SIGN_STYLE = Automatic;
				DEVELOPMENT_TEAM = 5EB9FSQ4WT;
				INFOPLIST_FILE = BeerMe/Info.plist;
				LD_RUNPATH_SEARCH_PATHS = (
					"$(inherited)",
					"@executable_path/Frameworks",
				);
				PRODUCT_BUNDLE_IDENTIFIER = com.lopezworks.BeerMe;
				PRODUCT_NAME = "$(TARGET_NAME)";
				SWIFT_VERSION = 4.2;
				TARGETED_DEVICE_FAMILY = "1,2";
			};
			name = Release;
		};
		9A7F188621F8179E00BF99EF /* Debug */ = {
			isa = XCBuildConfiguration;
			buildSettings = {
				ALWAYS_EMBED_SWIFT_STANDARD_LIBRARIES = YES;
				BUNDLE_LOADER = "$(TEST_HOST)";
				CODE_SIGN_STYLE = Automatic;
				DEVELOPMENT_TEAM = 5EB9FSQ4WT;
				INFOPLIST_FILE = BeerMeTests/Info.plist;
				LD_RUNPATH_SEARCH_PATHS = (
					"$(inherited)",
					"@executable_path/Frameworks",
					"@loader_path/Frameworks",
				);
				PRODUCT_BUNDLE_IDENTIFIER = com.lopezworks.BeerMeTests;
				PRODUCT_NAME = "$(TARGET_NAME)";
				SWIFT_VERSION = 4.2;
				TARGETED_DEVICE_FAMILY = "1,2";
				TEST_HOST = "$(BUILT_PRODUCTS_DIR)/BeerMe.app/BeerMe";
			};
			name = Debug;
		};
		9A7F188721F8179E00BF99EF /* Release */ = {
			isa = XCBuildConfiguration;
			buildSettings = {
				ALWAYS_EMBED_SWIFT_STANDARD_LIBRARIES = YES;
				BUNDLE_LOADER = "$(TEST_HOST)";
				CODE_SIGN_STYLE = Automatic;
				DEVELOPMENT_TEAM = 5EB9FSQ4WT;
				INFOPLIST_FILE = BeerMeTests/Info.plist;
				LD_RUNPATH_SEARCH_PATHS = (
					"$(inherited)",
					"@executable_path/Frameworks",
					"@loader_path/Frameworks",
				);
				PRODUCT_BUNDLE_IDENTIFIER = com.lopezworks.BeerMeTests;
				PRODUCT_NAME = "$(TARGET_NAME)";
				SWIFT_VERSION = 4.2;
				TARGETED_DEVICE_FAMILY = "1,2";
				TEST_HOST = "$(BUILT_PRODUCTS_DIR)/BeerMe.app/BeerMe";
			};
			name = Release;
		};
		9A7F188921F8179E00BF99EF /* Debug */ = {
			isa = XCBuildConfiguration;
			buildSettings = {
				ALWAYS_EMBED_SWIFT_STANDARD_LIBRARIES = YES;
				CODE_SIGN_STYLE = Automatic;
				DEVELOPMENT_TEAM = 5EB9FSQ4WT;
				INFOPLIST_FILE = BeerMeUITests/Info.plist;
				LD_RUNPATH_SEARCH_PATHS = (
					"$(inherited)",
					"@executable_path/Frameworks",
					"@loader_path/Frameworks",
				);
				PRODUCT_BUNDLE_IDENTIFIER = com.lopezworks.BeerMeUITests;
				PRODUCT_NAME = "$(TARGET_NAME)";
				SWIFT_VERSION = 4.2;
				TARGETED_DEVICE_FAMILY = "1,2";
				TEST_TARGET_NAME = BeerMe;
			};
			name = Debug;
		};
		9A7F188A21F8179E00BF99EF /* Release */ = {
			isa = XCBuildConfiguration;
			buildSettings = {
				ALWAYS_EMBED_SWIFT_STANDARD_LIBRARIES = YES;
				CODE_SIGN_STYLE = Automatic;
				DEVELOPMENT_TEAM = 5EB9FSQ4WT;
				INFOPLIST_FILE = BeerMeUITests/Info.plist;
				LD_RUNPATH_SEARCH_PATHS = (
					"$(inherited)",
					"@executable_path/Frameworks",
					"@loader_path/Frameworks",
				);
				PRODUCT_BUNDLE_IDENTIFIER = com.lopezworks.BeerMeUITests;
				PRODUCT_NAME = "$(TARGET_NAME)";
				SWIFT_VERSION = 4.2;
				TARGETED_DEVICE_FAMILY = "1,2";
				TEST_TARGET_NAME = BeerMe;
			};
			name = Release;
		};
/* End XCBuildConfiguration section */

/* Begin XCConfigurationList section */
		9A7F185521F8179B00BF99EF /* Build configuration list for PBXProject "BeerMe" */ = {
			isa = XCConfigurationList;
			buildConfigurations = (
				9A7F188021F8179E00BF99EF /* Debug */,
				9A7F188121F8179E00BF99EF /* Release */,
			);
			defaultConfigurationIsVisible = 0;
			defaultConfigurationName = Release;
		};
		9A7F188221F8179E00BF99EF /* Build configuration list for PBXNativeTarget "BeerMe" */ = {
			isa = XCConfigurationList;
			buildConfigurations = (
				9A7F188321F8179E00BF99EF /* Debug */,
				9A7F188421F8179E00BF99EF /* Release */,
			);
			defaultConfigurationIsVisible = 0;
			defaultConfigurationName = Release;
		};
		9A7F188521F8179E00BF99EF /* Build configuration list for PBXNativeTarget "BeerMeTests" */ = {
			isa = XCConfigurationList;
			buildConfigurations = (
				9A7F188621F8179E00BF99EF /* Debug */,
				9A7F188721F8179E00BF99EF /* Release */,
			);
			defaultConfigurationIsVisible = 0;
			defaultConfigurationName = Release;
		};
		9A7F188821F8179E00BF99EF /* Build configuration list for PBXNativeTarget "BeerMeUITests" */ = {
			isa = XCConfigurationList;
			buildConfigurations = (
				9A7F188921F8179E00BF99EF /* Debug */,
				9A7F188A21F8179E00BF99EF /* Release */,
			);
			defaultConfigurationIsVisible = 0;
			defaultConfigurationName = Release;
		};
/* End XCConfigurationList section */
	};
	rootObject = 9A7F185221F8179B00BF99EF /* Project object */;
}
